
Microsoft Visual Studio Solution File, Format Version 12.00
# Visual Studio Version 16
VisualStudioVersion = 16.0.29025.244
MinimumVisualStudioVersion = 10.0.40219.1
Project("{9092AA53-FB77-4645-B42D-1CCCA6BD08BD}") = "OpenManager", "OpenManager.njsproj", "{563D058E-E692-4D17-B7BA-1BC5B2969364}"
EndProject
Global
	GlobalSection(SolutionConfigurationPlatforms) = preSolution
		Debug|Any CPU = Debug|Any CPU
		Release|Any CPU = Release|Any CPU
	EndGlobalSection
	GlobalSection(ProjectConfigurationPlatforms) = postSolution
		{563D058E-E692-4D17-B7BA-1BC5B2969364}.Debug|Any CPU.ActiveCfg = Debug|Any CPU
		{563D058E-E692-4D17-B7BA-1BC5B2969364}.Debug|Any CPU.Build.0 = Debug|Any CPU
		{563D058E-E692-4D17-B7BA-1BC5B2969364}.Release|Any CPU.ActiveCfg = Release|Any CPU
		{563D058E-E692-4D17-B7BA-1BC5B2969364}.Release|Any CPU.Build.0 = Release|Any CPU
	EndGlobalSection
	GlobalSection(SolutionProperties) = preSolution
		HideSolutionNode = FALSE
	EndGlobalSection
	GlobalSection(ExtensibilityGlobals) = postSolution
		SolutionGuid = {30F8288B-A396-4D2B-8DB2-7CB0131F391B}
	EndGlobalSection
EndGlobal
